
Microsoft Visual Studio Solution File, Format Version 12.00
# Visual Studio Version 17
VisualStudioVersion = 17.7.34024.191
MinimumVisualStudioVersion = 10.0.40219.1
Project("{9A19103F-16F7-4668-BE54-9A1E7A4F7556}") = "ASMPS.API", "ASMPS.API\ASMPS.API.csproj", "{4AAAF298-7A7B-4E75-B945-EB371A917EB1}"
EndProject
Project("{FAE04EC0-301F-11D3-BF4B-00C04F79EFBC}") = "ASMPS.Models", "ASMPS.Models\ASMPS.Models.csproj", "{EFFFFE01-4FB5-4C95-81FC-09379638189F}"
EndProject
Project("{FAE04EC0-301F-11D3-BF4B-00C04F79EFBC}") = "ASMPS.Contracts", "ASMPS.Contracts\ASMPS.Contracts.csproj", "{37741A60-65DB-4EA9-A1D4-F2C36E1E75BD}"
EndProject
Project("{FAE04EC0-301F-11D3-BF4B-00C04F79EFBC}") = "ASMPS.Client", "ASMPS.Client\ASMPS.Client.csproj", "{FD1CA471-5C47-4A95-BD06-22AD977F6D08}"
EndProject
Global
	GlobalSection(SolutionConfigurationPlatforms) = preSolution
		Debug|Any CPU = Debug|Any CPU
		Release|Any CPU = Release|Any CPU
	EndGlobalSection
	GlobalSection(ProjectConfigurationPlatforms) = postSolution
		{4AAAF298-7A7B-4E75-B945-EB371A917EB1}.Debug|Any CPU.ActiveCfg = Debug|Any CPU
		{4AAAF298-7A7B-4E75-B945-EB371A917EB1}.Debug|Any CPU.Build.0 = Debug|Any CPU
		{4AAAF298-7A7B-4E75-B945-EB371A917EB1}.Release|Any CPU.ActiveCfg = Release|Any CPU
		{4AAAF298-7A7B-4E75-B945-EB371A917EB1}.Release|Any CPU.Build.0 = Release|Any CPU
		{EFFFFE01-4FB5-4C95-81FC-09379638189F}.Debug|Any CPU.ActiveCfg = Debug|Any CPU
		{EFFFFE01-4FB5-4C95-81FC-09379638189F}.Debug|Any CPU.Build.0 = Debug|Any CPU
		{EFFFFE01-4FB5-4C95-81FC-09379638189F}.Release|Any CPU.ActiveCfg = Release|Any CPU
		{EFFFFE01-4FB5-4C95-81FC-09379638189F}.Release|Any CPU.Build.0 = Release|Any CPU
		{37741A60-65DB-4EA9-A1D4-F2C36E1E75BD}.Debug|Any CPU.ActiveCfg = Debug|Any CPU
		{37741A60-65DB-4EA9-A1D4-F2C36E1E75BD}.Debug|Any CPU.Build.0 = Debug|Any CPU
		{37741A60-65DB-4EA9-A1D4-F2C36E1E75BD}.Release|Any CPU.ActiveCfg = Release|Any CPU
		{37741A60-65DB-4EA9-A1D4-F2C36E1E75BD}.Release|Any CPU.Build.0 = Release|Any CPU
		{FD1CA471-5C47-4A95-BD06-22AD977F6D08}.Debug|Any CPU.ActiveCfg = Debug|Any CPU
		{FD1CA471-5C47-4A95-BD06-22AD977F6D08}.Debug|Any CPU.Build.0 = Debug|Any CPU
		{FD1CA471-5C47-4A95-BD06-22AD977F6D08}.Release|Any CPU.ActiveCfg = Release|Any CPU
		{FD1CA471-5C47-4A95-BD06-22AD977F6D08}.Release|Any CPU.Build.0 = Release|Any CPU
	EndGlobalSection
	GlobalSection(SolutionProperties) = preSolution
		HideSolutionNode = FALSE
	EndGlobalSection
	GlobalSection(ExtensibilityGlobals) = postSolution
		SolutionGuid = {C730667E-7220-43B8-97CE-E8A3B4DA9724}
	EndGlobalSection
EndGlobal
